
Microsoft Visual Studio Solution File, Format Version 12.00
# Visual Studio Version 17
VisualStudioVersion = 17.9.34616.47
MinimumVisualStudioVersion = 10.0.40219.1
Project("{2150E333-8FDC-42A3-9474-1A3956D46DE8}") = "src", "src", "{BFD2E45F-42DE-49FB-BE9B-49A584EA9249}"
EndProject
Project("{2150E333-8FDC-42A3-9474-1A3956D46DE8}") = "Solution Items", "Solution Items", "{F174A80D-CD01-4887-8D14-7781005F0D43}"
	ProjectSection(SolutionItems) = preProject
		ServiceUrls.txt = ServiceUrls.txt
	EndProjectSection
EndProject
Project("{2150E333-8FDC-42A3-9474-1A3956D46DE8}") = "BuildingBlocks", "BuildingBlocks", "{FBA11C37-4D86-4070-9E19-4298209CDD39}"
EndProject
Project("{2150E333-8FDC-42A3-9474-1A3956D46DE8}") = "Services", "Services", "{C176B1A1-BB5E-4BE0-98E8-352AED4367F8}"
EndProject
Project("{2150E333-8FDC-42A3-9474-1A3956D46DE8}") = "EventBus", "EventBus", "{1493366D-3E9F-4344-9009-8D4B76A10AE4}"
EndProject
Project("{9A19103F-16F7-4668-BE54-9A1E7A4F7556}") = "EventBus.Base", "src\BuildingBlocks\EventBus\EventBus.Base\EventBus.Base.csproj", "{DAAD73DD-ACF2-460A-9864-7947B35470AC}"
EndProject
Project("{2150E333-8FDC-42A3-9474-1A3956D46DE8}") = "ApiGateways", "ApiGateways", "{A164CD57-51C2-44D7-8C88-4836CD75038A}"
EndProject
Project("{2150E333-8FDC-42A3-9474-1A3956D46DE8}") = "WebApiGateway", "WebApiGateway", "{A5168E31-5968-4A51-AB09-A3CFFAF78B23}"
EndProject
Project("{9A19103F-16F7-4668-BE54-9A1E7A4F7556}") = "Web.ApiGateway", "src\ApiGateways\WebApiGateway\Web.ApiGateway\Web.ApiGateway.csproj", "{FE5ADC16-59C0-48C6-91FF-7CE8FD8FFCA4}"
EndProject
Project("{9A19103F-16F7-4668-BE54-9A1E7A4F7556}") = "EventBus.Factory", "src\BuildingBlocks\EventBus\EventBus.Factory\EventBus.Factory.csproj", "{B942D937-2967-4595-AB9B-EA9D6DC1A2F8}"
EndProject
Project("{9A19103F-16F7-4668-BE54-9A1E7A4F7556}") = "EventBus.AzureServiceBus", "src\BuildingBlocks\EventBus\EventBus.AzureServiceBus\EventBus.AzureServiceBus.csproj", "{8AC80507-56D1-4B80-8F10-E79E4FF3DBF5}"
EndProject
Project("{9A19103F-16F7-4668-BE54-9A1E7A4F7556}") = "EventBus.RabbitMQ", "src\BuildingBlocks\EventBus\EventBus.RabbitMQ\EventBus.RabbitMQ.csproj", "{6BD6F576-73AE-4452-823C-088751B67957}"
EndProject
Project("{2150E333-8FDC-42A3-9474-1A3956D46DE8}") = "BasketService", "BasketService", "{3C175F5F-0317-4AA6-8162-68772B51A8E6}"
EndProject
Project("{9A19103F-16F7-4668-BE54-9A1E7A4F7556}") = "BasketService.API", "src\Services\BasketService\BasketService.API\BasketService.API.csproj", "{73D03CD2-B00B-4F69-A6F2-33748A7BCF6A}"
EndProject
Project("{2150E333-8FDC-42A3-9474-1A3956D46DE8}") = "CatalogService", "CatalogService", "{85859D7F-27A6-4719-9066-7F83BB700996}"
EndProject
Project("{FAE04EC0-301F-11D3-BF4B-00C04F79EFBC}") = "CatalogService.Api", "src\Services\CatalogService\CatalogService.Api\CatalogService.Api.csproj", "{08115525-8C88-498B-B9CC-0ECB61C0236F}"
EndProject
Project("{2150E333-8FDC-42A3-9474-1A3956D46DE8}") = "IdentityService", "IdentityService", "{EE607AE3-A18D-4510-AA6C-93A772E045A7}"
EndProject
Project("{FAE04EC0-301F-11D3-BF4B-00C04F79EFBC}") = "IdentityService.API", "src\Services\IdentityService\IdentityService.API\IdentityService.API.csproj", "{530B3B61-EE32-4901-8AB8-BBFD735FBBB5}"
EndProject
Project("{2150E333-8FDC-42A3-9474-1A3956D46DE8}") = "NotificationService", "NotificationService", "{4C78575E-100F-44AC-9227-F57EE0DD0B48}"
EndProject
Project("{FAE04EC0-301F-11D3-BF4B-00C04F79EFBC}") = "NotificationService", "src\Services\NotificationService\NotificationService\NotificationService.csproj", "{2D4B8007-29D4-4489-81F6-9FEB815906DF}"
EndProject
Project("{2150E333-8FDC-42A3-9474-1A3956D46DE8}") = "OrderService", "OrderService", "{2F5BD953-6AF7-4E46-B9C2-DE74152F8E5C}"
EndProject
Project("{FAE04EC0-301F-11D3-BF4B-00C04F79EFBC}") = "OrderService.Domain", "src\Services\OrderService\OrderService.Domain\OrderService.Domain.csproj", "{65DA8A4D-7A3A-4F85-9589-256DFA32D965}"
EndProject
Project("{FAE04EC0-301F-11D3-BF4B-00C04F79EFBC}") = "OrderService.Application", "src\Services\OrderService\OrderService.Application\OrderService.Application.csproj", "{6A933A67-489B-454B-8D60-58151A7E34F8}"
EndProject
Project("{FAE04EC0-301F-11D3-BF4B-00C04F79EFBC}") = "OrderService.Infrastructure", "src\Services\OrderService\OrderService.Infrastructure\OrderService.Infrastructure.csproj", "{CE1D0EEE-29E4-43F4-AC3F-AAE14AA8FA8F}"
EndProject
Project("{FAE04EC0-301F-11D3-BF4B-00C04F79EFBC}") = "OrderService.API", "src\Services\OrderService\OrderService.API\OrderService.API.csproj", "{BAE5AB52-B66D-4ADD-8122-3B599B7B1F3E}"
EndProject
Project("{2150E333-8FDC-42A3-9474-1A3956D46DE8}") = "PaymentService", "PaymentService", "{8A6CCB46-EB47-445B-933A-B4B9A496268B}"
EndProject
Project("{FAE04EC0-301F-11D3-BF4B-00C04F79EFBC}") = "PaymentService.API", "src\Services\PaymentService\PaymentService.API\PaymentService.API.csproj", "{49F12326-6D3A-4D6F-B058-F6071D643509}"
EndProject
Project("{2150E333-8FDC-42A3-9474-1A3956D46DE8}") = "Client", "Client", "{DF132443-FE3E-49C5-A5BA-DD2111D78D25}"
EndProject
Project("{2150E333-8FDC-42A3-9474-1A3956D46DE8}") = "BlazorWebApp", "BlazorWebApp", "{79AA2DF3-934A-47A4-AE47-9C1411AA3304}"
EndProject
Project("{FAE04EC0-301F-11D3-BF4B-00C04F79EFBC}") = "Foodex.WebApp", "src\Clients\BlazorWebapp\Foodex.WebApp\Foodex.WebApp.csproj", "{574CB6AB-4699-47DA-AE8C-8D0830D3E706}"
EndProject
Global
	GlobalSection(SolutionConfigurationPlatforms) = preSolution
		Debug|Any CPU = Debug|Any CPU
		Release|Any CPU = Release|Any CPU
	EndGlobalSection
	GlobalSection(ProjectConfigurationPlatforms) = postSolution
		{DAAD73DD-ACF2-460A-9864-7947B35470AC}.Debug|Any CPU.ActiveCfg = Debug|Any CPU
		{DAAD73DD-ACF2-460A-9864-7947B35470AC}.Debug|Any CPU.Build.0 = Debug|Any CPU
		{DAAD73DD-ACF2-460A-9864-7947B35470AC}.Release|Any CPU.ActiveCfg = Release|Any CPU
		{DAAD73DD-ACF2-460A-9864-7947B35470AC}.Release|Any CPU.Build.0 = Release|Any CPU
		{FE5ADC16-59C0-48C6-91FF-7CE8FD8FFCA4}.Debug|Any CPU.ActiveCfg = Debug|Any CPU
		{FE5ADC16-59C0-48C6-91FF-7CE8FD8FFCA4}.Debug|Any CPU.Build.0 = Debug|Any CPU
		{FE5ADC16-59C0-48C6-91FF-7CE8FD8FFCA4}.Release|Any CPU.ActiveCfg = Release|Any CPU
		{FE5ADC16-59C0-48C6-91FF-7CE8FD8FFCA4}.Release|Any CPU.Build.0 = Release|Any CPU
		{B942D937-2967-4595-AB9B-EA9D6DC1A2F8}.Debug|Any CPU.ActiveCfg = Debug|Any CPU
		{B942D937-2967-4595-AB9B-EA9D6DC1A2F8}.Debug|Any CPU.Build.0 = Debug|Any CPU
		{B942D937-2967-4595-AB9B-EA9D6DC1A2F8}.Release|Any CPU.ActiveCfg = Release|Any CPU
		{B942D937-2967-4595-AB9B-EA9D6DC1A2F8}.Release|Any CPU.Build.0 = Release|Any CPU
		{8AC80507-56D1-4B80-8F10-E79E4FF3DBF5}.Debug|Any CPU.ActiveCfg = Debug|Any CPU
		{8AC80507-56D1-4B80-8F10-E79E4FF3DBF5}.Debug|Any CPU.Build.0 = Debug|Any CPU
		{8AC80507-56D1-4B80-8F10-E79E4FF3DBF5}.Release|Any CPU.ActiveCfg = Release|Any CPU
		{8AC80507-56D1-4B80-8F10-E79E4FF3DBF5}.Release|Any CPU.Build.0 = Release|Any CPU
		{6BD6F576-73AE-4452-823C-088751B67957}.Debug|Any CPU.ActiveCfg = Debug|Any CPU
		{6BD6F576-73AE-4452-823C-088751B67957}.Debug|Any CPU.Build.0 = Debug|Any CPU
		{6BD6F576-73AE-4452-823C-088751B67957}.Release|Any CPU.ActiveCfg = Release|Any CPU
		{6BD6F576-73AE-4452-823C-088751B67957}.Release|Any CPU.Build.0 = Release|Any CPU
		{73D03CD2-B00B-4F69-A6F2-33748A7BCF6A}.Debug|Any CPU.ActiveCfg = Debug|Any CPU
		{73D03CD2-B00B-4F69-A6F2-33748A7BCF6A}.Debug|Any CPU.Build.0 = Debug|Any CPU
		{73D03CD2-B00B-4F69-A6F2-33748A7BCF6A}.Release|Any CPU.ActiveCfg = Release|Any CPU
		{73D03CD2-B00B-4F69-A6F2-33748A7BCF6A}.Release|Any CPU.Build.0 = Release|Any CPU
		{08115525-8C88-498B-B9CC-0ECB61C0236F}.Debug|Any CPU.ActiveCfg = Debug|Any CPU
		{08115525-8C88-498B-B9CC-0ECB61C0236F}.Debug|Any CPU.Build.0 = Debug|Any CPU
		{08115525-8C88-498B-B9CC-0ECB61C0236F}.Release|Any CPU.ActiveCfg = Release|Any CPU
		{08115525-8C88-498B-B9CC-0ECB61C0236F}.Release|Any CPU.Build.0 = Release|Any CPU
		{530B3B61-EE32-4901-8AB8-BBFD735FBBB5}.Debug|Any CPU.ActiveCfg = Debug|Any CPU
		{530B3B61-EE32-4901-8AB8-BBFD735FBBB5}.Debug|Any CPU.Build.0 = Debug|Any CPU
		{530B3B61-EE32-4901-8AB8-BBFD735FBBB5}.Release|Any CPU.ActiveCfg = Release|Any CPU
		{530B3B61-EE32-4901-8AB8-BBFD735FBBB5}.Release|Any CPU.Build.0 = Release|Any CPU
		{2D4B8007-29D4-4489-81F6-9FEB815906DF}.Debug|Any CPU.ActiveCfg = Debug|Any CPU
		{2D4B8007-29D4-4489-81F6-9FEB815906DF}.Debug|Any CPU.Build.0 = Debug|Any CPU
		{2D4B8007-29D4-4489-81F6-9FEB815906DF}.Release|Any CPU.ActiveCfg = Release|Any CPU
		{2D4B8007-29D4-4489-81F6-9FEB815906DF}.Release|Any CPU.Build.0 = Release|Any CPU
		{65DA8A4D-7A3A-4F85-9589-256DFA32D965}.Debug|Any CPU.ActiveCfg = Debug|Any CPU
		{65DA8A4D-7A3A-4F85-9589-256DFA32D965}.Debug|Any CPU.Build.0 = Debug|Any CPU
		{65DA8A4D-7A3A-4F85-9589-256DFA32D965}.Release|Any CPU.ActiveCfg = Release|Any CPU
		{65DA8A4D-7A3A-4F85-9589-256DFA32D965}.Release|Any CPU.Build.0 = Release|Any CPU
		{6A933A67-489B-454B-8D60-58151A7E34F8}.Debug|Any CPU.ActiveCfg = Debug|Any CPU
		{6A933A67-489B-454B-8D60-58151A7E34F8}.Debug|Any CPU.Build.0 = Debug|Any CPU
		{6A933A67-489B-454B-8D60-58151A7E34F8}.Release|Any CPU.ActiveCfg = Release|Any CPU
		{6A933A67-489B-454B-8D60-58151A7E34F8}.Release|Any CPU.Build.0 = Release|Any CPU
		{CE1D0EEE-29E4-43F4-AC3F-AAE14AA8FA8F}.Debug|Any CPU.ActiveCfg = Debug|Any CPU
		{CE1D0EEE-29E4-43F4-AC3F-AAE14AA8FA8F}.Debug|Any CPU.Build.0 = Debug|Any CPU
		{CE1D0EEE-29E4-43F4-AC3F-AAE14AA8FA8F}.Release|Any CPU.ActiveCfg = Release|Any CPU
		{CE1D0EEE-29E4-43F4-AC3F-AAE14AA8FA8F}.Release|Any CPU.Build.0 = Release|Any CPU
		{BAE5AB52-B66D-4ADD-8122-3B599B7B1F3E}.Debug|Any CPU.ActiveCfg = Debug|Any CPU
		{BAE5AB52-B66D-4ADD-8122-3B599B7B1F3E}.Debug|Any CPU.Build.0 = Debug|Any CPU
		{BAE5AB52-B66D-4ADD-8122-3B599B7B1F3E}.Release|Any CPU.ActiveCfg = Release|Any CPU
		{BAE5AB52-B66D-4ADD-8122-3B599B7B1F3E}.Release|Any CPU.Build.0 = Release|Any CPU
		{49F12326-6D3A-4D6F-B058-F6071D643509}.Debug|Any CPU.ActiveCfg = Debug|Any CPU
		{49F12326-6D3A-4D6F-B058-F6071D643509}.Debug|Any CPU.Build.0 = Debug|Any CPU
		{49F12326-6D3A-4D6F-B058-F6071D643509}.Release|Any CPU.ActiveCfg = Release|Any CPU
		{49F12326-6D3A-4D6F-B058-F6071D643509}.Release|Any CPU.Build.0 = Release|Any CPU
		{574CB6AB-4699-47DA-AE8C-8D0830D3E706}.Debug|Any CPU.ActiveCfg = Debug|Any CPU
		{574CB6AB-4699-47DA-AE8C-8D0830D3E706}.Debug|Any CPU.Build.0 = Debug|Any CPU
		{574CB6AB-4699-47DA-AE8C-8D0830D3E706}.Release|Any CPU.ActiveCfg = Release|Any CPU
		{574CB6AB-4699-47DA-AE8C-8D0830D3E706}.Release|Any CPU.Build.0 = Release|Any CPU
	EndGlobalSection
	GlobalSection(SolutionProperties) = preSolution
		HideSolutionNode = FALSE
	EndGlobalSection
	GlobalSection(NestedProjects) = preSolution
		{FBA11C37-4D86-4070-9E19-4298209CDD39} = {BFD2E45F-42DE-49FB-BE9B-49A584EA9249}
		{C176B1A1-BB5E-4BE0-98E8-352AED4367F8} = {BFD2E45F-42DE-49FB-BE9B-49A584EA9249}
		{1493366D-3E9F-4344-9009-8D4B76A10AE4} = {FBA11C37-4D86-4070-9E19-4298209CDD39}
		{DAAD73DD-ACF2-460A-9864-7947B35470AC} = {1493366D-3E9F-4344-9009-8D4B76A10AE4}
		{A164CD57-51C2-44D7-8C88-4836CD75038A} = {BFD2E45F-42DE-49FB-BE9B-49A584EA9249}
		{A5168E31-5968-4A51-AB09-A3CFFAF78B23} = {A164CD57-51C2-44D7-8C88-4836CD75038A}
		{FE5ADC16-59C0-48C6-91FF-7CE8FD8FFCA4} = {A5168E31-5968-4A51-AB09-A3CFFAF78B23}
		{B942D937-2967-4595-AB9B-EA9D6DC1A2F8} = {1493366D-3E9F-4344-9009-8D4B76A10AE4}
		{8AC80507-56D1-4B80-8F10-E79E4FF3DBF5} = {1493366D-3E9F-4344-9009-8D4B76A10AE4}
		{6BD6F576-73AE-4452-823C-088751B67957} = {1493366D-3E9F-4344-9009-8D4B76A10AE4}
		{3C175F5F-0317-4AA6-8162-68772B51A8E6} = {C176B1A1-BB5E-4BE0-98E8-352AED4367F8}
		{73D03CD2-B00B-4F69-A6F2-33748A7BCF6A} = {3C175F5F-0317-4AA6-8162-68772B51A8E6}
		{85859D7F-27A6-4719-9066-7F83BB700996} = {C176B1A1-BB5E-4BE0-98E8-352AED4367F8}
		{08115525-8C88-498B-B9CC-0ECB61C0236F} = {85859D7F-27A6-4719-9066-7F83BB700996}
		{EE607AE3-A18D-4510-AA6C-93A772E045A7} = {C176B1A1-BB5E-4BE0-98E8-352AED4367F8}
		{530B3B61-EE32-4901-8AB8-BBFD735FBBB5} = {EE607AE3-A18D-4510-AA6C-93A772E045A7}
		{4C78575E-100F-44AC-9227-F57EE0DD0B48} = {C176B1A1-BB5E-4BE0-98E8-352AED4367F8}
		{2D4B8007-29D4-4489-81F6-9FEB815906DF} = {4C78575E-100F-44AC-9227-F57EE0DD0B48}
		{2F5BD953-6AF7-4E46-B9C2-DE74152F8E5C} = {C176B1A1-BB5E-4BE0-98E8-352AED4367F8}
		{65DA8A4D-7A3A-4F85-9589-256DFA32D965} = {2F5BD953-6AF7-4E46-B9C2-DE74152F8E5C}
		{6A933A67-489B-454B-8D60-58151A7E34F8} = {2F5BD953-6AF7-4E46-B9C2-DE74152F8E5C}
		{CE1D0EEE-29E4-43F4-AC3F-AAE14AA8FA8F} = {2F5BD953-6AF7-4E46-B9C2-DE74152F8E5C}
		{BAE5AB52-B66D-4ADD-8122-3B599B7B1F3E} = {2F5BD953-6AF7-4E46-B9C2-DE74152F8E5C}
		{8A6CCB46-EB47-445B-933A-B4B9A496268B} = {C176B1A1-BB5E-4BE0-98E8-352AED4367F8}
		{49F12326-6D3A-4D6F-B058-F6071D643509} = {8A6CCB46-EB47-445B-933A-B4B9A496268B}
		{DF132443-FE3E-49C5-A5BA-DD2111D78D25} = {BFD2E45F-42DE-49FB-BE9B-49A584EA9249}
		{79AA2DF3-934A-47A4-AE47-9C1411AA3304} = {DF132443-FE3E-49C5-A5BA-DD2111D78D25}
		{574CB6AB-4699-47DA-AE8C-8D0830D3E706} = {79AA2DF3-934A-47A4-AE47-9C1411AA3304}
	EndGlobalSection
	GlobalSection(ExtensibilityGlobals) = postSolution
		SolutionGuid = {DB89C221-45A3-4404-BA53-CE0EE044740D}
	EndGlobalSection
EndGlobal
